PODS:
  - AppAuth (1.4.0):
    - AppAuth/Core (= 1.4.0)
    - AppAuth/ExternalUserAgent (= 1.4.0)
  - AppAuth/Core (1.4.0)
  - AppAuth/ExternalUserAgent (1.4.0)
  - device_info (0.0.1):
    - Flutter
  - FBAEMKit (12.1.0):
    - FBSDKCoreKit_Basics (= 12.1.0)
  - FBSDKCoreKit (12.1.0):
    - FBAEMKit (= 12.1.0)
    - FBSDKCoreKit_Basics (= 12.1.0)
  - FBSDKCoreKit_Basics (12.1.0)
  - FBSDKLoginKit (12.1.0):
    - FBSDKCoreKit (= 12.1.0)
  - Flutter (1.0.0)
  - flutter_facebook_auth (3.5.3):
    - FBSDKCoreKit (~> 12.1.0)
    - FBSDKLoginKit (~> 12.1.0)
    - Flutter
  - fluttertoast (0.0.2):
    - Flutter
    - Toast
  - google_sign_in (0.0.1):
    - Flutter
    - GoogleSignIn (~> 5.0)
  - GoogleSignIn (5.0.2):
    - AppAuth (~> 1.2)
    - GTMAppAuth (~> 1.0)
    - GTMSessionFetcher/Core (~> 1.1)
  - GTMAppAuth (1.2.2):
    - AppAuth/Core (~> 1.4)
    - GTMSessionFetcher/Core (~> 1.5)
  - GTMSessionFetcher/Core (1.7.0)
  - image_picker_ios (0.0.1):
    - Flutter
  - path_provider_ios (0.0.1):
    - Flutter
  - platform_device_id (0.0.1):
    - Flutter
  - shared_preferences_ios (0.0.1):
    - Flutter
  - syncfusion_flutter_pdfviewer (0.0.1):
    - Flutter
  - Toast (4.0.0)

DEPENDENCIES:
  - device_info (from `.symlinks/plugins/device_info/ios`)
  - Flutter (from `Flutter`)
  - flutter_facebook_auth (from `.symlinks/plugins/flutter_facebook_auth/ios`)
  - fluttertoast (from `.symlinks/plugins/fluttertoast/ios`)
  - google_sign_in (from `.symlinks/plugins/google_sign_in/ios`)
  - image_picker_ios (from `.symlinks/plugins/image_picker_ios/ios`)
  - path_provider_ios (from `.symlinks/plugins/path_provider_ios/ios`)
  - platform_device_id (from `.symlinks/plugins/platform_device_id/ios`)
  - shared_preferences_ios (from `.symlinks/plugins/shared_preferences_ios/ios`)
  - syncfusion_flutter_pdfviewer (from `.symlinks/plugins/syncfusion_flutter_pdfviewer/ios`)

SPEC REPOS:
  trunk:
    - AppAuth
    - FBAEMKit
    - FBSDKCoreKit
    - FBSDKCoreKit_Basics
    - FBSDKLoginKit
    - GoogleSignIn
    - GTMAppAuth
    - GTMSessionFetcher
    - Toast

EXTERNAL SOURCES:
  device_info:
    :path: ".symlinks/plugins/device_info/ios"
  Flutter:
    :path: Flutter
  flutter_facebook_auth:
    :path: ".symlinks/plugins/flutter_facebook_auth/ios"
  fluttertoast:
    :path: ".symlinks/plugins/fluttertoast/ios"
  google_sign_in:
    :path: ".symlinks/plugins/google_sign_in/ios"
  image_picker_ios:
    :path: ".symlinks/plugins/image_picker_ios/ios"
  path_provider_ios:
    :path: ".symlinks/plugins/path_provider_ios/ios"
  platform_device_id:
    :path: ".symlinks/plugins/platform_device_id/ios"
  shared_preferences_ios:
    :path: ".symlinks/plugins/shared_preferences_ios/ios"
  syncfusion_flutter_pdfviewer:
    :path: ".symlinks/plugins/syncfusion_flutter_pdfviewer/ios"

SPEC CHECKSUMS:
  AppAuth: 31bcec809a638d7bd2f86ea8a52bd45f6e81e7c7
  device_info: d7d233b645a32c40dfdc212de5cf646ca482f175
  FBAEMKit: 56c0bb9b42e3747cd82b67934f0c2b19325382ea
  FBSDKCoreKit: 75368765d9c2303073145a7925dfaa9d60bcd77b
  FBSDKCoreKit_Basics: 39865aff97e5f6951a78fb3e89dc4460e35e1895
  FBSDKLoginKit: e993f97c7cc794c5da4056d8aec3c3d66033a727
  Flutter: 50d75fe2f02b26cc09d224853bb45737f8b3214a
  flutter_facebook_auth: dfd6b2563406c538098e2127512d385c9ffd70ad
  fluttertoast: 16fbe6039d06a763f3533670197d01fc73459037
  google_sign_in: f669f45933dad48cd218dc3e189726bced3d19f4
  GoogleSignIn: 7137d297ddc022a7e0aa4619c86d72c909fa7213
  GTMAppAuth: ad5c2b70b9a8689e1a04033c9369c4915bfcbe89
  GTMSessionFetcher: 43748f93435c2aa068b1cbe39655aaf600652e91
  image_picker_ios: b786a5dcf033a8336a657191401bfdf12017dabb
  path_provider_ios: 14f3d2fd28c4fdb42f44e0f751d12861c43cee02
  platform_device_id: 81b3e2993881f87d0c82ef151dc274df4869aef5
  shared_preferences_ios: 548a61f8053b9b8a49ac19c1ffbc8b92c50d68ad
  syncfusion_flutter_pdfviewer: bb9998884b864cfedf72628df3503bdf57e397c0
  Toast: 91b396c56ee72a5790816f40d3a94dd357abc196

PODFILE CHECKSUM: fea6b44ecdc030218f2a35a65080b3533b2153fa

COCOAPODS: 1.11.2
